
Microsoft Visual Studio Solution File, Format Version 12.00
# Visual Studio Version 16
VisualStudioVersion = 16.0.31424.327
MinimumVisualStudioVersion = 10.0.40219.1
Project("{FAE04EC0-301F-11D3-BF4B-00C04F79EFBC}") = "Asp.netCoreMVCCRUD", "Asp.netCoreMVCCRUD.csproj", "{CADF4AF5-6712-40F6-A0CA-3B121F0A111C}"
EndProject
Global
	GlobalSection(SolutionConfigurationPlatforms) = preSolution
		Debug|Any CPU = Debug|Any CPU
		Release|Any CPU = Release|Any CPU
	EndGlobalSection
	GlobalSection(ProjectConfigurationPlatforms) = postSolution
		{CADF4AF5-6712-40F6-A0CA-3B121F0A111C}.Debug|Any CPU.ActiveCfg = Debug|Any CPU
		{CADF4AF5-6712-40F6-A0CA-3B121F0A111C}.Debug|Any CPU.Build.0 = Debug|Any CPU
		{CADF4AF5-6712-40F6-A0CA-3B121F0A111C}.Release|Any CPU.ActiveCfg = Release|Any CPU
		{CADF4AF5-6712-40F6-A0CA-3B121F0A111C}.Release|Any CPU.Build.0 = Release|Any CPU
	EndGlobalSection
	GlobalSection(SolutionProperties) = preSolution
		HideSolutionNode = FALSE
	EndGlobalSection
	GlobalSection(ExtensibilityGlobals) = postSolution
		SolutionGuid = {421E6FBD-5168-4488-948B-DE900B891A82}
	EndGlobalSection
EndGlobal
